
Microsoft Visual Studio Solution File, Format Version 12.00
# Visual Studio Version 16
VisualStudioVersion = 16.0.31624.102
MinimumVisualStudioVersion = 10.0.40219.1
Project("{FAE04EC0-301F-11D3-BF4B-00C04F79EFBC}") = "Homework11__", "Homework11__\Homework11__.csproj", "{1B7BF637-E37D-4F0D-980E-2EF41DF73F76}"
EndProject
Global
	GlobalSection(SolutionConfigurationPlatforms) = preSolution
		Debug|Any CPU = Debug|Any CPU
		Release|Any CPU = Release|Any CPU
	EndGlobalSection
	GlobalSection(ProjectConfigurationPlatforms) = postSolution
		{1B7BF637-E37D-4F0D-980E-2EF41DF73F76}.Debug|Any CPU.ActiveCfg = Debug|Any CPU
		{1B7BF637-E37D-4F0D-980E-2EF41DF73F76}.Debug|Any CPU.Build.0 = Debug|Any CPU
		{1B7BF637-E37D-4F0D-980E-2EF41DF73F76}.Release|Any CPU.ActiveCfg = Release|Any CPU
		{1B7BF637-E37D-4F0D-980E-2EF41DF73F76}.Release|Any CPU.Build.0 = Release|Any CPU
	EndGlobalSection
	GlobalSection(SolutionProperties) = preSolution
		HideSolutionNode = FALSE
	EndGlobalSection
	GlobalSection(ExtensibilityGlobals) = postSolution
		SolutionGuid = {6AED9EB1-1248-44D9-9D51-CC19061779A5}
	EndGlobalSection
EndGlobal
